
Microsoft Visual Studio Solution File, Format Version 11.00
# Visual Studio 2010
Project("{FAE04EC0-301F-11D3-BF4B-00C04F79EFBC}") = "Assembly-CSharp", "Assembly-CSharp.csproj", "{9a6ea516-4c21-1bbc-6504-2a3af6b2c1bf}"
EndProject
Project("{FAE04EC0-301F-11D3-BF4B-00C04F79EFBC}") = "EditorMigrationScripts", "EditorMigrationScripts.csproj", "{b4f29bbf-bb46-d3ba-2431-d134035af1cf}"
EndProject
Global
	GlobalSection(SolutionConfigurationPlatforms) = preSolution
		Debug|Any CPU = Debug|Any CPU
	EndGlobalSection
	GlobalSection(ProjectConfigurationPlatforms) = postSolution
		{9a6ea516-4c21-1bbc-6504-2a3af6b2c1bf}.Debug|Any CPU.ActiveCfg = Debug|Any CPU
		{9a6ea516-4c21-1bbc-6504-2a3af6b2c1bf}.Debug|Any CPU.Build.0 = Debug|Any CPU
		{b4f29bbf-bb46-d3ba-2431-d134035af1cf}.Debug|Any CPU.ActiveCfg = Debug|Any CPU
		{b4f29bbf-bb46-d3ba-2431-d134035af1cf}.Debug|Any CPU.Build.0 = Debug|Any CPU
	EndGlobalSection
	GlobalSection(SolutionProperties) = preSolution
		HideSolutionNode = FALSE
	EndGlobalSection
EndGlobal
